
Microsoft Visual Studio Solution File, Format Version 10.00
# Visual Studio 2008
Project("{8BC9CEB8-8B4A-11D0-8D11-00A0C91BC942}") = "PoLuKiLi", "PoLuKiLi.vcproj", "{C04B46DF-3241-4F30-8E2F-7060829D7EF4}"
EndProject
Global
	GlobalSection(SolutionConfigurationPlatforms) = preSolution
		Debug|Win32 = Debug|Win32
		Release|Win32 = Release|Win32
	EndGlobalSection
	GlobalSection(ProjectConfigurationPlatforms) = postSolution
		{C04B46DF-3241-4F30-8E2F-7060829D7EF4}.Debug|Win32.ActiveCfg = Debug|Win32
		{C04B46DF-3241-4F30-8E2F-7060829D7EF4}.Debug|Win32.Build.0 = Debug|Win32
		{C04B46DF-3241-4F30-8E2F-7060829D7EF4}.Release|Win32.ActiveCfg = Release|Win32
		{C04B46DF-3241-4F30-8E2F-7060829D7EF4}.Release|Win32.Build.0 = Release|Win32
	EndGlobalSection
	GlobalSection(SolutionProperties) = preSolution
		HideSolutionNode = FALSE
	EndGlobalSection
EndGlobal
