
Microsoft Visual Studio Solution File, Format Version 10.00
# Visual Studio 2008
Project("{8BC9CEB8-8B4A-11D0-8D11-00A0C91BC942}") = "PoLuKiLi", "PoLuKiLi.vcproj", "{C04B46DF-3241-4F30-8E2F-7060829D7EF4}"
EndProject
Project("{FAE04EC0-301F-11D3-BF4B-00C04F79EFBC}") = "Editor", "Editor\Editor.csproj", "{0BEF6105-BEA6-4944-8042-73BA5621B275}"
EndProject
Global
	GlobalSection(SolutionConfigurationPlatforms) = preSolution
		Debug|Any CPU = Debug|Any CPU
		Debug|Mixed Platforms = Debug|Mixed Platforms
		Debug|Win32 = Debug|Win32
		Release|Any CPU = Release|Any CPU
		Release|Mixed Platforms = Release|Mixed Platforms
		Release|Win32 = Release|Win32
	EndGlobalSection
	GlobalSection(ProjectConfigurationPlatforms) = postSolution
		{C04B46DF-3241-4F30-8E2F-7060829D7EF4}.Debug|Any CPU.ActiveCfg = Debug|Win32
		{C04B46DF-3241-4F30-8E2F-7060829D7EF4}.Debug|Mixed Platforms.ActiveCfg = Debug|Win32
		{C04B46DF-3241-4F30-8E2F-7060829D7EF4}.Debug|Win32.ActiveCfg = Debug|Win32
		{C04B46DF-3241-4F30-8E2F-7060829D7EF4}.Debug|Win32.Build.0 = Debug|Win32
		{C04B46DF-3241-4F30-8E2F-7060829D7EF4}.Release|Any CPU.ActiveCfg = Release|Win32
		{C04B46DF-3241-4F30-8E2F-7060829D7EF4}.Release|Mixed Platforms.ActiveCfg = Release|Win32
		{C04B46DF-3241-4F30-8E2F-7060829D7EF4}.Release|Win32.ActiveCfg = Release|Win32
		{C04B46DF-3241-4F30-8E2F-7060829D7EF4}.Release|Win32.Build.0 = Release|Win32
		{0BEF6105-BEA6-4944-8042-73BA5621B275}.Debug|Any CPU.ActiveCfg = Debug|Any CPU
		{0BEF6105-BEA6-4944-8042-73BA5621B275}.Debug|Any CPU.Build.0 = Debug|Any CPU
		{0BEF6105-BEA6-4944-8042-73BA5621B275}.Debug|Mixed Platforms.ActiveCfg = Debug|Any CPU
		{0BEF6105-BEA6-4944-8042-73BA5621B275}.Debug|Mixed Platforms.Build.0 = Debug|Any CPU
		{0BEF6105-BEA6-4944-8042-73BA5621B275}.Debug|Win32.ActiveCfg = Debug|Any CPU
		{0BEF6105-BEA6-4944-8042-73BA5621B275}.Release|Any CPU.ActiveCfg = Release|Any CPU
		{0BEF6105-BEA6-4944-8042-73BA5621B275}.Release|Any CPU.Build.0 = Release|Any CPU
		{0BEF6105-BEA6-4944-8042-73BA5621B275}.Release|Mixed Platforms.ActiveCfg = Release|Any CPU
		{0BEF6105-BEA6-4944-8042-73BA5621B275}.Release|Mixed Platforms.Build.0 = Release|Any CPU
		{0BEF6105-BEA6-4944-8042-73BA5621B275}.Release|Win32.ActiveCfg = Release|Any CPU
	EndGlobalSection
	GlobalSection(SolutionProperties) = preSolution
		HideSolutionNode = FALSE
	EndGlobalSection
EndGlobal
